
Microsoft Visual Studio Solution File, Format Version 12.00
# Visual Studio 15
VisualStudioVersion = 15.0.26228.4
MinimumVisualStudioVersion = 10.0.40219.1
Project("{FAE04EC0-301F-11D3-BF4B-00C04F79EFBC}") = "Domain", "Domain\Domain.csproj", "{4021F6D7-9CB4-4567-B27B-25466E7E2A35}"
EndProject
Project("{2150E333-8FDC-42A3-9474-1A3956D46DE8}") = "Tests", "Tests", "{F8A88419-7DC9-4EFF-A944-6DA1803BF696}"
EndProject
Project("{FAE04EC0-301F-11D3-BF4B-00C04F79EFBC}") = "DomainTests", "DomainTests\DomainTests.csproj", "{C9137A73-ECF3-4CD8-9670-503305B3A82A}"
EndProject
Project("{FAE04EC0-301F-11D3-BF4B-00C04F79EFBC}") = "WebUI", "WebUI\WebUI.csproj", "{A4F76386-AC13-424F-8C62-05C973EB85CC}"
EndProject
Global
	GlobalSection(SolutionConfigurationPlatforms) = preSolution
		Debug|Any CPU = Debug|Any CPU
		Release|Any CPU = Release|Any CPU
	EndGlobalSection
	GlobalSection(ProjectConfigurationPlatforms) = postSolution
		{4021F6D7-9CB4-4567-B27B-25466E7E2A35}.Debug|Any CPU.ActiveCfg = Debug|Any CPU
		{4021F6D7-9CB4-4567-B27B-25466E7E2A35}.Debug|Any CPU.Build.0 = Debug|Any CPU
		{4021F6D7-9CB4-4567-B27B-25466E7E2A35}.Release|Any CPU.ActiveCfg = Release|Any CPU
		{4021F6D7-9CB4-4567-B27B-25466E7E2A35}.Release|Any CPU.Build.0 = Release|Any CPU
		{C9137A73-ECF3-4CD8-9670-503305B3A82A}.Debug|Any CPU.ActiveCfg = Debug|Any CPU
		{C9137A73-ECF3-4CD8-9670-503305B3A82A}.Debug|Any CPU.Build.0 = Debug|Any CPU
		{C9137A73-ECF3-4CD8-9670-503305B3A82A}.Release|Any CPU.ActiveCfg = Release|Any CPU
		{C9137A73-ECF3-4CD8-9670-503305B3A82A}.Release|Any CPU.Build.0 = Release|Any CPU
		{A4F76386-AC13-424F-8C62-05C973EB85CC}.Debug|Any CPU.ActiveCfg = Debug|Any CPU
		{A4F76386-AC13-424F-8C62-05C973EB85CC}.Debug|Any CPU.Build.0 = Debug|Any CPU
		{A4F76386-AC13-424F-8C62-05C973EB85CC}.Release|Any CPU.ActiveCfg = Release|Any CPU
		{A4F76386-AC13-424F-8C62-05C973EB85CC}.Release|Any CPU.Build.0 = Release|Any CPU
	EndGlobalSection
	GlobalSection(SolutionProperties) = preSolution
		HideSolutionNode = FALSE
	EndGlobalSection
	GlobalSection(NestedProjects) = preSolution
		{C9137A73-ECF3-4CD8-9670-503305B3A82A} = {F8A88419-7DC9-4EFF-A944-6DA1803BF696}
	EndGlobalSection
EndGlobal
